// !$*UTF8*$!
{
	archiveVersion = 1;
	classes = {
	};
	objectVersion = 77;
	objects = {

/* Begin PBXBuildFile section */
		0E5AD1B8E650456F8554BC17 /* Cocoa.framework in Frameworks */ = {isa = PBXBuildFile; fileRef = F811491BFD4CF0076F6A0445 /* Cocoa.framework */; };
		41AAA887921DAC9B28B876A8 /* ClipboardReadbackService.swift in Sources */ = {isa = PBXBuildFile; fileRef = 5562A0514857A60E09743B19 /* ClipboardReadbackService.swift */; };
		7BD60C54567D8CF3E06CB31F /* main.swift in Sources */ = {isa = PBXBuildFile; fileRef = F7E0C82B2C3205B4FD5C340C /* main.swift */; };
		C0EA48796CA6B669DEA8DECB /* ClipboardReadbackProtocol.swift in Sources */ = {isa = PBXBuildFile; fileRef = 332DAE4EC23F2B187861168C /* ClipboardReadbackProtocol.swift */; };
		D60DC26E376144BBE7384BA7 /* Edge Clip Readback Service.xpc in Embed XPC Services */ = {isa = PBXBuildFile; fileRef = 362AD4F458B90C5B963DDC5A /* Edge Clip Readback Service.xpc */; settings = {ATTRIBUTES = (CodeSignOnCopy, ); }; };
/* End PBXBuildFile section */

/* Begin PBXContainerItemProxy section */
		80C9B71E3E194549F3825826 /* PBXContainerItemProxy */ = {
			isa = PBXContainerItemProxy;
			containerPortal = 6AF08A302F6023F70087705E /* Project object */;
			proxyType = 1;
			remoteGlobalIDString = 4B3A40A80B6BF79BD43505C8;
			remoteInfo = "Edge Clip Readback Service";
		};
/* End PBXContainerItemProxy section */

/* Begin PBXCopyFilesBuildPhase section */
		657ACF693DEB63697CDA1954 /* Embed XPC Services */ = {
			isa = PBXCopyFilesBuildPhase;
			buildActionMask = 2147483647;
			dstPath = Contents/XPCServices;
			dstSubfolderSpec = 1;
			files = (
				D60DC26E376144BBE7384BA7 /* Edge Clip Readback Service.xpc in Embed XPC Services */,
			);
			name = "Embed XPC Services";
			runOnlyForDeploymentPostprocessing = 0;
		};
/* End PBXCopyFilesBuildPhase section */

/* Begin PBXFileReference section */
		332DAE4EC23F2B187861168C /* ClipboardReadbackProtocol.swift */ = {isa = PBXFileReference; includeInIndex = 1; lastKnownFileType = sourcecode.swift; path = ClipboardReadbackProtocol.swift; sourceTree = "<group>"; };
		362AD4F458B90C5B963DDC5A /* Edge Clip Readback Service.xpc */ = {isa = PBXFileReference; explicitFileType = "wrapper.xpc-service"; includeInIndex = 0; path = "Edge Clip Readback Service.xpc"; sourceTree = BUILT_PRODUCTS_DIR; };
		3AB8FCE3318CA55D8B8C8E32 /* Edge Clip Readback Service.entitlements */ = {isa = PBXFileReference; lastKnownFileType = text.plist.entitlements; path = "Edge Clip Readback Service.entitlements"; sourceTree = "<group>"; };
		5562A0514857A60E09743B19 /* ClipboardReadbackService.swift */ = {isa = PBXFileReference; includeInIndex = 1; lastKnownFileType = sourcecode.swift; path = ClipboardReadbackService.swift; sourceTree = "<group>"; };
		6AF08A382F6023F70087705E /* Edge Clip.app */ = {isa = PBXFileReference; explicitFileType = wrapper.application; includeInIndex = 0; path = "Edge Clip.app"; sourceTree = BUILT_PRODUCTS_DIR; };
		DFD5338BED3440AD31709FE1 /* Info.plist */ = {isa = PBXFileReference; includeInIndex = 1; lastKnownFileType = text.plist.xml; path = Info.plist; sourceTree = "<group>"; };
		F7E0C82B2C3205B4FD5C340C /* main.swift */ = {isa = PBXFileReference; includeInIndex = 1; lastKnownFileType = sourcecode.swift; path = main.swift; sourceTree = "<group>"; };
		F811491BFD4CF0076F6A0445 /* Cocoa.framework */ = {isa = PBXFileReference; lastKnownFileType = wrapper.framework; name = Cocoa.framework; path = Platforms/MacOSX.platform/Developer/SDKs/MacOSX15.0.sdk/System/Library/Frameworks/Cocoa.framework; sourceTree = DEVELOPER_DIR; };
/* End PBXFileReference section */

/* Begin PBXFileSystemSynchronizedRootGroup section */
		6AF08A3A2F6023F70087705E /* Edge Clip */ = {
			isa = PBXFileSystemSynchronizedRootGroup;
			path = "Edge Clip";
			sourceTree = "<group>";
		};
/* End PBXFileSystemSynchronizedRootGroup section */

/* Begin PBXFrameworksBuildPhase section */
		6AF08A352F6023F70087705E /* Frameworks */ = {
			isa = PBXFrameworksBuildPhase;
			buildActionMask = 2147483647;
			files = (
			);
			runOnlyForDeploymentPostprocessing = 0;
		};
		A6DBFD17DF99BC59221E3F68 /* Frameworks */ = {
			isa = PBXFrameworksBuildPhase;
			buildActionMask = 2147483647;
			files = (
				0E5AD1B8E650456F8554BC17 /* Cocoa.framework in Frameworks */,
			);
			runOnlyForDeploymentPostprocessing = 0;
		};
/* End PBXFrameworksBuildPhase section */

/* Begin PBXGroup section */
		3C5F4B2DF652A4F71C9EBD26 /* OS X */ = {
			isa = PBXGroup;
			children = (
				F811491BFD4CF0076F6A0445 /* Cocoa.framework */,
			);
			name = "OS X";
			sourceTree = "<group>";
		};
		6AF08A2F2F6023F70087705E = {
			isa = PBXGroup;
			children = (
				6AF08A3A2F6023F70087705E /* Edge Clip */,
				6AF08A392F6023F70087705E /* Products */,
				900F4BC67380F0767B004C13 /* Frameworks */,
				7F50F13829F4AAC43F7AC7FB /* Edge Clip Readback Service */,
			);
			sourceTree = "<group>";
		};
		6AF08A392F6023F70087705E /* Products */ = {
			isa = PBXGroup;
			children = (
				6AF08A382F6023F70087705E /* Edge Clip.app */,
				362AD4F458B90C5B963DDC5A /* Edge Clip Readback Service.xpc */,
			);
			name = Products;
			sourceTree = "<group>";
		};
		7F50F13829F4AAC43F7AC7FB /* Edge Clip Readback Service */ = {
			isa = PBXGroup;
			children = (
				F7E0C82B2C3205B4FD5C340C /* main.swift */,
				5562A0514857A60E09743B19 /* ClipboardReadbackService.swift */,
				332DAE4EC23F2B187861168C /* ClipboardReadbackProtocol.swift */,
				3AB8FCE3318CA55D8B8C8E32 /* Edge Clip Readback Service.entitlements */,
				DFD5338BED3440AD31709FE1 /* Info.plist */,
			);
			path = "Edge Clip Readback Service";
			sourceTree = "<group>";
		};
		900F4BC67380F0767B004C13 /* Frameworks */ = {
			isa = PBXGroup;
			children = (
				3C5F4B2DF652A4F71C9EBD26 /* OS X */,
			);
			name = Frameworks;
			sourceTree = "<group>";
		};
/* End PBXGroup section */

/* Begin PBXNativeTarget section */
		4B3A40A80B6BF79BD43505C8 /* Edge Clip Readback Service */ = {
			isa = PBXNativeTarget;
			buildConfigurationList = 469AD6E0DF49433610ECD19A /* Build configuration list for PBXNativeTarget "Edge Clip Readback Service" */;
			buildPhases = (
				F5F731B33A45CB93EBBD3601 /* Sources */,
				A6DBFD17DF99BC59221E3F68 /* Frameworks */,
				AD6031D36F2912BBECF09110 /* Resources */,
			);
			buildRules = (
			);
			dependencies = (
			);
			name = "Edge Clip Readback Service";
			productName = "Edge Clip Readback Service";
			productReference = 362AD4F458B90C5B963DDC5A /* Edge Clip Readback Service.xpc */;
			productType = "com.apple.product-type.xpc-service";
		};
		6AF08A372F6023F70087705E /* Edge Clip */ = {
			isa = PBXNativeTarget;
			buildConfigurationList = 6AF08A432F6023F90087705E /* Build configuration list for PBXNativeTarget "Edge Clip" */;
			buildPhases = (
				6AF08A342F6023F70087705E /* Sources */,
				6AF08A352F6023F70087705E /* Frameworks */,
				6AF08A362F6023F70087705E /* Resources */,
				657ACF693DEB63697CDA1954 /* Embed XPC Services */,
			);
			buildRules = (
			);
			dependencies = (
				BBEE95EF14A3B14F03174812 /* PBXTargetDependency */,
			);
			fileSystemSynchronizedGroups = (
				6AF08A3A2F6023F70087705E /* Edge Clip */,
			);
			name = "Edge Clip";
			productName = "Edge Clip";
			productReference = 6AF08A382F6023F70087705E /* Edge Clip.app */;
			productType = "com.apple.product-type.application";
		};
/* End PBXNativeTarget section */

/* Begin PBXProject section */
		6AF08A302F6023F70087705E /* Project object */ = {
			isa = PBXProject;
			attributes = {
				BuildIndependentTargetsInParallel = 1;
				LastSwiftUpdateCheck = 2620;
				LastUpgradeCheck = 2620;
				TargetAttributes = {
					4B3A40A80B6BF79BD43505C8 = {
						CreatedOnToolsVersion = 26.2;
					};
					6AF08A372F6023F70087705E = {
						CreatedOnToolsVersion = 26.2;
					};
				};
			};
			buildConfigurationList = 6AF08A332F6023F70087705E /* Build configuration list for PBXProject "Edge Clip" */;
			developmentRegion = en;
			hasScannedForEncodings = 0;
			knownRegions = (
				en,
				Base,
			);
			mainGroup = 6AF08A2F2F6023F70087705E;
			minimizedProjectReferenceProxies = 1;
			preferredProjectObjectVersion = 77;
			productRefGroup = 6AF08A392F6023F70087705E /* Products */;
			projectDirPath = "";
			projectRoot = "";
			targets = (
				6AF08A372F6023F70087705E /* Edge Clip */,
				4B3A40A80B6BF79BD43505C8 /* Edge Clip Readback Service */,
			);
		};
/* End PBXProject section */

/* Begin PBXResourcesBuildPhase section */
		6AF08A362F6023F70087705E /* Resources */ = {
			isa = PBXResourcesBuildPhase;
			buildActionMask = 2147483647;
			files = (
			);
			runOnlyForDeploymentPostprocessing = 0;
		};
		AD6031D36F2912BBECF09110 /* Resources */ = {
			isa = PBXResourcesBuildPhase;
			buildActionMask = 2147483647;
			files = (
			);
			runOnlyForDeploymentPostprocessing = 0;
		};
/* End PBXResourcesBuildPhase section */

/* Begin PBXSourcesBuildPhase section */
		6AF08A342F6023F70087705E /* Sources */ = {
			isa = PBXSourcesBuildPhase;
			buildActionMask = 2147483647;
			files = (
			);
			runOnlyForDeploymentPostprocessing = 0;
		};
		F5F731B33A45CB93EBBD3601 /* Sources */ = {
			isa = PBXSourcesBuildPhase;
			buildActionMask = 2147483647;
			files = (
				7BD60C54567D8CF3E06CB31F /* main.swift in Sources */,
				41AAA887921DAC9B28B876A8 /* ClipboardReadbackService.swift in Sources */,
				C0EA48796CA6B669DEA8DECB /* ClipboardReadbackProtocol.swift in Sources */,
			);
			runOnlyForDeploymentPostprocessing = 0;
		};
/* End PBXSourcesBuildPhase section */

/* Begin PBXTargetDependency section */
		BBEE95EF14A3B14F03174812 /* PBXTargetDependency */ = {
			isa = PBXTargetDependency;
			name = "Edge Clip Readback Service";
			target = 4B3A40A80B6BF79BD43505C8 /* Edge Clip Readback Service */;
			targetProxy = 80C9B71E3E194549F3825826 /* PBXContainerItemProxy */;
		};
/* End PBXTargetDependency section */

/* Begin XCBuildConfiguration section */
		0D1A5CC0B18D64622B339186 /* Debug */ = {
			isa = XCBuildConfiguration;
			buildSettings = {
				CODE_SIGN_ENTITLEMENTS = "Edge Clip Readback Service/Edge Clip Readback Service.entitlements";
				CODE_SIGN_STYLE = Automatic;
				CURRENT_PROJECT_VERSION = 2;
				DEVELOPMENT_TEAM = 793MN25H4S;
				ENABLE_APP_SANDBOX = YES;
				ENABLE_HARDENED_RUNTIME = YES;
				GENERATE_INFOPLIST_FILE = NO;
				INFOPLIST_FILE = "Edge Clip Readback Service/Info.plist";
				MACOSX_DEPLOYMENT_TARGET = 14.6;
				MARKETING_VERSION = 1.1.0;
				PRODUCT_BUNDLE_IDENTIFIER = com.ivean.edgeclip.readback;
				PRODUCT_NAME = "$(TARGET_NAME)";
				SDKROOT = macosx;
				SKIP_INSTALL = YES;
				SWIFT_APPROACHABLE_CONCURRENCY = YES;
				SWIFT_EMIT_LOC_STRINGS = YES;
				SWIFT_VERSION = 5.0;
			};
			name = Debug;
		};
		6AF08A412F6023F90087705E /* Debug */ = {
			isa = XCBuildConfiguration;
			buildSettings = {
				ALWAYS_SEARCH_USER_PATHS = NO;
				ASSETCATALOG_COMPILER_GENERATE_SWIFT_ASSET_SYMBOL_EXTENSIONS = YES;
				CLANG_ANALYZER_NONNULL = YES;
				CLANG_ANALYZER_NUMBER_OBJECT_CONVERSION = YES_AGGRESSIVE;
				CLANG_CXX_LANGUAGE_STANDARD = "gnu++20";
				CLANG_ENABLE_MODULES = YES;
				CLANG_ENABLE_OBJC_ARC = YES;
				CLANG_ENABLE_OBJC_WEAK = YES;
				CLANG_WARN_BLOCK_CAPTURE_AUTORELEASING = YES;
				CLANG_WARN_BOOL_CONVERSION = YES;
				CLANG_WARN_COMMA = YES;
				CLANG_WARN_CONSTANT_CONVERSION = YES;
				CLANG_WARN_DEPRECATED_OBJC_IMPLEMENTATIONS = YES;
				CLANG_WARN_DIRECT_OBJC_ISA_USAGE = YES_ERROR;
				CLANG_WARN_DOCUMENTATION_COMMENTS = YES;
				CLANG_WARN_EMPTY_BODY = YES;
				CLANG_WARN_ENUM_CONVERSION = YES;
				CLANG_WARN_INFINITE_RECURSION = YES;
				CLANG_WARN_INT_CONVERSION = YES;
				CLANG_WARN_NON_LITERAL_NULL_CONVERSION = YES;
				CLANG_WARN_OBJC_IMPLICIT_RETAIN_SELF = YES;
				CLANG_WARN_OBJC_LITERAL_CONVERSION = YES;
				CLANG_WARN_OBJC_ROOT_CLASS = YES_ERROR;
				CLANG_WARN_QUOTED_INCLUDE_IN_FRAMEWORK_HEADER = YES;
				CLANG_WARN_RANGE_LOOP_ANALYSIS = YES;
				CLANG_WARN_STRICT_PROTOTYPES = YES;
				CLANG_WARN_SUSPICIOUS_MOVE = YES;
				CLANG_WARN_UNGUARDED_AVAILABILITY = YES_AGGRESSIVE;
				CLANG_WARN_UNREACHABLE_CODE = YES;
				CLANG_WARN__DUPLICATE_METHOD_MATCH = YES;
				COPY_PHASE_STRIP = NO;
				DEBUG_INFORMATION_FORMAT = dwarf;
				DEVELOPMENT_TEAM = 793MN25H4S;
				ENABLE_STRICT_OBJC_MSGSEND = YES;
				ENABLE_TESTABILITY = YES;
				ENABLE_USER_SCRIPT_SANDBOXING = YES;
				GCC_C_LANGUAGE_STANDARD = gnu17;
				GCC_DYNAMIC_NO_PIC = NO;
				GCC_NO_COMMON_BLOCKS = YES;
				GCC_OPTIMIZATION_LEVEL = 0;
				GCC_PREPROCESSOR_DEFINITIONS = (
					"DEBUG=1",
					"$(inherited)",
				);
				GCC_WARN_64_TO_32_BIT_CONVERSION = YES;
				GCC_WARN_ABOUT_RETURN_TYPE = YES_ERROR;
				GCC_WARN_UNDECLARED_SELECTOR = YES;
				GCC_WARN_UNINITIALIZED_AUTOS = YES_AGGRESSIVE;
				GCC_WARN_UNUSED_FUNCTION = YES;
				GCC_WARN_UNUSED_VARIABLE = YES;
				LOCALIZATION_PREFERS_STRING_CATALOGS = YES;
				MACOSX_DEPLOYMENT_TARGET = 26.2;
				MTL_ENABLE_DEBUG_INFO = INCLUDE_SOURCE;
				MTL_FAST_MATH = YES;
				ONLY_ACTIVE_ARCH = YES;
				SDKROOT = macosx;
				SWIFT_ACTIVE_COMPILATION_CONDITIONS = "DEBUG $(inherited)";
				SWIFT_OPTIMIZATION_LEVEL = "-Onone";
			};
			name = Debug;
		};
		6AF08A422F6023F90087705E /* Release */ = {
			isa = XCBuildConfiguration;
			buildSettings = {
				ALWAYS_SEARCH_USER_PATHS = NO;
				ASSETCATALOG_COMPILER_GENERATE_SWIFT_ASSET_SYMBOL_EXTENSIONS = YES;
				CLANG_ANALYZER_NONNULL = YES;
				CLANG_ANALYZER_NUMBER_OBJECT_CONVERSION = YES_AGGRESSIVE;
				CLANG_CXX_LANGUAGE_STANDARD = "gnu++20";
				CLANG_ENABLE_MODULES = YES;
				CLANG_ENABLE_OBJC_ARC = YES;
				CLANG_ENABLE_OBJC_WEAK = YES;
				CLANG_WARN_BLOCK_CAPTURE_AUTORELEASING = YES;
				CLANG_WARN_BOOL_CONVERSION = YES;
				CLANG_WARN_COMMA = YES;
				CLANG_WARN_CONSTANT_CONVERSION = YES;
				CLANG_WARN_DEPRECATED_OBJC_IMPLEMENTATIONS = YES;
				CLANG_WARN_DIRECT_OBJC_ISA_USAGE = YES_ERROR;
				CLANG_WARN_DOCUMENTATION_COMMENTS = YES;
				CLANG_WARN_EMPTY_BODY = YES;
				CLANG_WARN_ENUM_CONVERSION = YES;
				CLANG_WARN_INFINITE_RECURSION = YES;
				CLANG_WARN_INT_CONVERSION = YES;
				CLANG_WARN_NON_LITERAL_NULL_CONVERSION = YES;
				CLANG_WARN_OBJC_IMPLICIT_RETAIN_SELF = YES;
				CLANG_WARN_OBJC_LITERAL_CONVERSION = YES;
				CLANG_WARN_OBJC_ROOT_CLASS = YES_ERROR;
				CLANG_WARN_QUOTED_INCLUDE_IN_FRAMEWORK_HEADER = YES;
				CLANG_WARN_RANGE_LOOP_ANALYSIS = YES;
				CLANG_WARN_STRICT_PROTOTYPES = YES;
				CLANG_WARN_SUSPICIOUS_MOVE = YES;
				CLANG_WARN_UNGUARDED_AVAILABILITY = YES_AGGRESSIVE;
				CLANG_WARN_UNREACHABLE_CODE = YES;
				CLANG_WARN__DUPLICATE_METHOD_MATCH = YES;
				COPY_PHASE_STRIP = NO;
				DEBUG_INFORMATION_FORMAT = "dwarf-with-dsym";
				DEVELOPMENT_TEAM = 793MN25H4S;
				ENABLE_NS_ASSERTIONS = NO;
				ENABLE_STRICT_OBJC_MSGSEND = YES;
				ENABLE_USER_SCRIPT_SANDBOXING = YES;
				GCC_C_LANGUAGE_STANDARD = gnu17;
				GCC_NO_COMMON_BLOCKS = YES;
				GCC_WARN_64_TO_32_BIT_CONVERSION = YES;
				GCC_WARN_ABOUT_RETURN_TYPE = YES_ERROR;
				GCC_WARN_UNDECLARED_SELECTOR = YES;
				GCC_WARN_UNINITIALIZED_AUTOS = YES_AGGRESSIVE;
				GCC_WARN_UNUSED_FUNCTION = YES;
				GCC_WARN_UNUSED_VARIABLE = YES;
				LOCALIZATION_PREFERS_STRING_CATALOGS = YES;
				MACOSX_DEPLOYMENT_TARGET = 26.2;
				MTL_ENABLE_DEBUG_INFO = NO;
				MTL_FAST_MATH = YES;
				SDKROOT = macosx;
				SWIFT_COMPILATION_MODE = wholemodule;
			};
			name = Release;
		};
		6AF08A442F6023F90087705E /* Debug */ = {
			isa = XCBuildConfiguration;
			buildSettings = {
				ASSETCATALOG_COMPILER_APPICON_NAME = AppIcon;
				ASSETCATALOG_COMPILER_GLOBAL_ACCENT_COLOR_NAME = AccentColor;
				CODE_SIGN_ENTITLEMENTS = "Edge Clip/Edge Clip.entitlements";
				CODE_SIGN_STYLE = Automatic;
				COMBINE_HIDPI_IMAGES = YES;
				CURRENT_PROJECT_VERSION = 2;
				DEVELOPMENT_TEAM = 793MN25H4S;
				ENABLE_APP_SANDBOX = YES;
				ENABLE_HARDENED_RUNTIME = YES;
				ENABLE_PREVIEWS = YES;
				ENABLE_USER_SELECTED_FILES = readwrite;
				GENERATE_INFOPLIST_FILE = YES;
				INFOPLIST_KEY_LSApplicationCategoryType = "public.app-category.utilities";
				INFOPLIST_KEY_NSHumanReadableCopyright = "";
				LD_RUNPATH_SEARCH_PATHS = (
					"$(inherited)",
					"@executable_path/../Frameworks",
				);
				MACOSX_DEPLOYMENT_TARGET = 14.6;
				MARKETING_VERSION = 1.1.0;
				PRODUCT_BUNDLE_IDENTIFIER = com.ivean.edgeclip;
				PRODUCT_NAME = "$(TARGET_NAME)";
				REGISTER_APP_GROUPS = YES;
				STRING_CATALOG_GENERATE_SYMBOLS = YES;
				SWIFT_APPROACHABLE_CONCURRENCY = YES;
				SWIFT_DEFAULT_ACTOR_ISOLATION = MainActor;
				SWIFT_EMIT_LOC_STRINGS = YES;
				SWIFT_UPCOMING_FEATURE_MEMBER_IMPORT_VISIBILITY = YES;
				SWIFT_VERSION = 5.0;
			};
			name = Debug;
		};
		6AF08A452F6023F90087705E /* Release */ = {
			isa = XCBuildConfiguration;
			buildSettings = {
				ASSETCATALOG_COMPILER_APPICON_NAME = AppIcon;
				ASSETCATALOG_COMPILER_GLOBAL_ACCENT_COLOR_NAME = AccentColor;
				CODE_SIGN_ENTITLEMENTS = "Edge Clip/Edge Clip.entitlements";
				CODE_SIGN_STYLE = Automatic;
				COMBINE_HIDPI_IMAGES = YES;
				CURRENT_PROJECT_VERSION = 2;
				DEVELOPMENT_TEAM = 793MN25H4S;
				ENABLE_APP_SANDBOX = YES;
				ENABLE_HARDENED_RUNTIME = YES;
				ENABLE_PREVIEWS = YES;
				ENABLE_USER_SELECTED_FILES = readwrite;
				GENERATE_INFOPLIST_FILE = YES;
				INFOPLIST_KEY_LSApplicationCategoryType = "public.app-category.utilities";
				INFOPLIST_KEY_NSHumanReadableCopyright = "";
				LD_RUNPATH_SEARCH_PATHS = (
					"$(inherited)",
					"@executable_path/../Frameworks",
				);
				MACOSX_DEPLOYMENT_TARGET = 14.6;
				MARKETING_VERSION = 1.1.0;
				PRODUCT_BUNDLE_IDENTIFIER = com.ivean.edgeclip;
				PRODUCT_NAME = "$(TARGET_NAME)";
				REGISTER_APP_GROUPS = YES;
				STRING_CATALOG_GENERATE_SYMBOLS = YES;
				SWIFT_APPROACHABLE_CONCURRENCY = YES;
				SWIFT_DEFAULT_ACTOR_ISOLATION = MainActor;
				SWIFT_EMIT_LOC_STRINGS = YES;
				SWIFT_UPCOMING_FEATURE_MEMBER_IMPORT_VISIBILITY = YES;
				SWIFT_VERSION = 5.0;
			};
			name = Release;
		};
		F45E7903152BA10ED5450834 /* Release */ = {
			isa = XCBuildConfiguration;
			buildSettings = {
				CODE_SIGN_ENTITLEMENTS = "Edge Clip Readback Service/Edge Clip Readback Service.entitlements";
				CODE_SIGN_STYLE = Automatic;
				CURRENT_PROJECT_VERSION = 2;
				DEVELOPMENT_TEAM = 793MN25H4S;
				ENABLE_APP_SANDBOX = YES;
				ENABLE_HARDENED_RUNTIME = YES;
				GENERATE_INFOPLIST_FILE = NO;
				INFOPLIST_FILE = "Edge Clip Readback Service/Info.plist";
				MACOSX_DEPLOYMENT_TARGET = 14.6;
				MARKETING_VERSION = 1.1.0;
				PRODUCT_BUNDLE_IDENTIFIER = com.ivean.edgeclip.readback;
				PRODUCT_NAME = "$(TARGET_NAME)";
				SDKROOT = macosx;
				SKIP_INSTALL = YES;
				SWIFT_APPROACHABLE_CONCURRENCY = YES;
				SWIFT_EMIT_LOC_STRINGS = YES;
				SWIFT_VERSION = 5.0;
			};
			name = Release;
		};
/* End XCBuildConfiguration section */

/* Begin XCConfigurationList section */
		469AD6E0DF49433610ECD19A /* Build configuration list for PBXNativeTarget "Edge Clip Readback Service" */ = {
			isa = XCConfigurationList;
			buildConfigurations = (
				F45E7903152BA10ED5450834 /* Release */,
				0D1A5CC0B18D64622B339186 /* Debug */,
			);
			defaultConfigurationIsVisible = 0;
			defaultConfigurationName = Release;
		};
		6AF08A332F6023F70087705E /* Build configuration list for PBXProject "Edge Clip" */ = {
			isa = XCConfigurationList;
			buildConfigurations = (
				6AF08A412F6023F90087705E /* Debug */,
				6AF08A422F6023F90087705E /* Release */,
			);
			defaultConfigurationIsVisible = 0;
			defaultConfigurationName = Release;
		};
		6AF08A432F6023F90087705E /* Build configuration list for PBXNativeTarget "Edge Clip" */ = {
			isa = XCConfigurationList;
			buildConfigurations = (
				6AF08A442F6023F90087705E /* Debug */,
				6AF08A452F6023F90087705E /* Release */,
			);
			defaultConfigurationIsVisible = 0;
			defaultConfigurationName = Release;
		};
/* End XCConfigurationList section */
	};
	rootObject = 6AF08A302F6023F70087705E /* Project object */;
}
